// !$*UTF8*$!
{
	archiveVersion = 1;
	classes = {
	};
	objectVersion = 77;
	objects = {

/* Begin PBXBuildFile section */
		BB5B7ABC2D2E409300135B0F /* Preview Assets.xcassets in Resources */ = {isa = PBXBuildFile; fileRef = BB5B7AB62D2E409300135B0F /* Preview Assets.xcassets */; };
		BB5B7ABD2D2E409300135B0F /* Assets.xcassets in Resources */ = {isa = PBXBuildFile; fileRef = BB5B7AB82D2E409300135B0F /* Assets.xcassets */; };
		BB5B7ABE2D2E409300135B0F /* ColorAssets.swift in Sources */ = {isa = PBXBuildFile; fileRef = BB5B7AA92D2E409300135B0F /* ColorAssets.swift */; };
		BB5B7ABF2D2E409300135B0F /* ColorLiteral.swift in Sources */ = {isa = PBXBuildFile; fileRef = BB5B7AAA2D2E409300135B0F /* ColorLiteral.swift */; };
		BB5B7AC02D2E409300135B0F /* ColorModifiers.swift in Sources */ = {isa = PBXBuildFile; fileRef = BB5B7AAB2D2E409300135B0F /* ColorModifiers.swift */; };
		BB5B7AC12D2E409300135B0F /* ComponentValues.swift in Sources */ = {isa = PBXBuildFile; fileRef = BB5B7AAC2D2E409300135B0F /* ComponentValues.swift */; };
		BB5B7AC22D2E409300135B0F /* ContentView.swift in Sources */ = {isa = PBXBuildFile; fileRef = BB5B7AAD2D2E409300135B0F /* ContentView.swift */; };
		BB5B7AC42D2E409300135B0F /* SwiftUIStandardColors.swift in Sources */ = {isa = PBXBuildFile; fileRef = BB5B7AAF2D2E409300135B0F /* SwiftUIStandardColors.swift */; };
		BB5B7AC52D2E409300135B0F /* SwiftUSematicColors.swift in Sources */ = {isa = PBXBuildFile; fileRef = BB5B7AB02D2E409300135B0F /* SwiftUSematicColors.swift */; };
		BB5B7AC62D2E409300135B0F /* UIElementColors.swift in Sources */ = {isa = PBXBuildFile; fileRef = BB5B7AB12D2E409300135B0F /* UIElementColors.swift */; };
		BB5B7AC72D2E409300135B0F /* UIKitStandardColors.swift in Sources */ = {isa = PBXBuildFile; fileRef = BB5B7AB22D2E409300135B0F /* UIKitStandardColors.swift */; };
		BB5B7ACA2D2E409300135B0F /* Swift_ColorsApp.swift in Sources */ = {isa = PBXBuildFile; fileRef = BB5B7ABA2D2E409300135B0F /* Swift_ColorsApp.swift */; };
/* End PBXBuildFile section */

/* Begin PBXFileReference section */
		BB58C1432D2DD8AE00939622 /* Swift Colors.app */ = {isa = PBXFileReference; explicitFileType = wrapper.application; includeInIndex = 0; path = "Swift Colors.app"; sourceTree = BUILT_PRODUCTS_DIR; };
		BB5B7AA92D2E409300135B0F /* ColorAssets.swift */ = {isa = PBXFileReference; lastKnownFileType = sourcecode.swift; path = ColorAssets.swift; sourceTree = "<group>"; };
		BB5B7AAA2D2E409300135B0F /* ColorLiteral.swift */ = {isa = PBXFileReference; lastKnownFileType = sourcecode.swift; path = ColorLiteral.swift; sourceTree = "<group>"; };
		BB5B7AAB2D2E409300135B0F /* ColorModifiers.swift */ = {isa = PBXFileReference; lastKnownFileType = sourcecode.swift; path = ColorModifiers.swift; sourceTree = "<group>"; };
		BB5B7AAC2D2E409300135B0F /* ComponentValues.swift */ = {isa = PBXFileReference; lastKnownFileType = sourcecode.swift; path = ComponentValues.swift; sourceTree = "<group>"; };
		BB5B7AAD2D2E409300135B0F /* ContentView.swift */ = {isa = PBXFileReference; lastKnownFileType = sourcecode.swift; path = ContentView.swift; sourceTree = "<group>"; };
		BB5B7AAF2D2E409300135B0F /* SwiftUIStandardColors.swift */ = {isa = PBXFileReference; lastKnownFileType = sourcecode.swift; path = SwiftUIStandardColors.swift; sourceTree = "<group>"; };
		BB5B7AB02D2E409300135B0F /* SwiftUSematicColors.swift */ = {isa = PBXFileReference; lastKnownFileType = sourcecode.swift; path = SwiftUSematicColors.swift; sourceTree = "<group>"; };
		BB5B7AB12D2E409300135B0F /* UIElementColors.swift */ = {isa = PBXFileReference; lastKnownFileType = sourcecode.swift; path = UIElementColors.swift; sourceTree = "<group>"; };
		BB5B7AB22D2E409300135B0F /* UIKitStandardColors.swift */ = {isa = PBXFileReference; lastKnownFileType = sourcecode.swift; path = UIKitStandardColors.swift; sourceTree = "<group>"; };
		BB5B7AB62D2E409300135B0F /* Preview Assets.xcassets */ = {isa = PBXFileReference; lastKnownFileType = folder.assetcatalog; path = "Preview Assets.xcassets"; sourceTree = "<group>"; };
		BB5B7AB82D2E409300135B0F /* Assets.xcassets */ = {isa = PBXFileReference; lastKnownFileType = folder.assetcatalog; path = Assets.xcassets; sourceTree = "<group>"; };
		BB5B7ABA2D2E409300135B0F /* Swift_ColorsApp.swift */ = {isa = PBXFileReference; lastKnownFileType = sourcecode.swift; path = Swift_ColorsApp.swift; sourceTree = "<group>"; };
/* End PBXFileReference section */

/* Begin PBXFileSystemSynchronizedRootGroup section */
		BB40B4F22D2F25C7007D55B0 /* Extensions */ = {
			isa = PBXFileSystemSynchronizedRootGroup;
			path = Extensions;
			sourceTree = "<group>";
		};
		BB40B4F42D2F25DA007D55B0 /* ContainerView */ = {
			isa = PBXFileSystemSynchronizedRootGroup;
			path = ContainerView;
			sourceTree = "<group>";
		};
/* End PBXFileSystemSynchronizedRootGroup section */

/* Begin PBXFrameworksBuildPhase section */
		BB58C1402D2DD8AE00939622 /* Frameworks */ = {
			isa = PBXFrameworksBuildPhase;
			buildActionMask = 2147483647;
			files = (
			);
			runOnlyForDeploymentPostprocessing = 0;
		};
/* End PBXFrameworksBuildPhase section */

/* Begin PBXGroup section */
		BB58C13A2D2DD8AE00939622 = {
			isa = PBXGroup;
			children = (
				BB5B7ABB2D2E409300135B0F /* Swift Colors */,
				BB58C1442D2DD8AE00939622 /* Products */,
			);
			sourceTree = "<group>";
		};
		BB58C1442D2DD8AE00939622 /* Products */ = {
			isa = PBXGroup;
			children = (
				BB58C1432D2DD8AE00939622 /* Swift Colors.app */,
			);
			name = Products;
			sourceTree = "<group>";
		};
		BB5B7AB32D2E409300135B0F /* ColorViews */ = {
			isa = PBXGroup;
			children = (
				BB5B7AAD2D2E409300135B0F /* ContentView.swift */,
				BB5B7AAF2D2E409300135B0F /* SwiftUIStandardColors.swift */,
				BB5B7AB02D2E409300135B0F /* SwiftUSematicColors.swift */,
				BB5B7AB22D2E409300135B0F /* UIKitStandardColors.swift */,
				BB5B7AB12D2E409300135B0F /* UIElementColors.swift */,
				BB5B7AAC2D2E409300135B0F /* ComponentValues.swift */,
				BB5B7AA92D2E409300135B0F /* ColorAssets.swift */,
				BB5B7AAA2D2E409300135B0F /* ColorLiteral.swift */,
				BB5B7AAB2D2E409300135B0F /* ColorModifiers.swift */,
			);
			path = ColorViews;
			sourceTree = "<group>";
		};
		BB5B7AB72D2E409300135B0F /* Preview Content */ = {
			isa = PBXGroup;
			children = (
				BB5B7AB62D2E409300135B0F /* Preview Assets.xcassets */,
			);
			path = "Preview Content";
			sourceTree = "<group>";
		};
		BB5B7ABB2D2E409300135B0F /* Swift Colors */ = {
			isa = PBXGroup;
			children = (
				BB5B7AB32D2E409300135B0F /* ColorViews */,
				BB40B4F22D2F25C7007D55B0 /* Extensions */,
				BB40B4F42D2F25DA007D55B0 /* ContainerView */,
				BB5B7AB72D2E409300135B0F /* Preview Content */,
				BB5B7AB82D2E409300135B0F /* Assets.xcassets */,
				BB5B7ABA2D2E409300135B0F /* Swift_ColorsApp.swift */,
			);
			path = "Swift Colors";
			sourceTree = "<group>";
		};
/* End PBXGroup section */

/* Begin PBXNativeTarget section */
		BB58C1422D2DD8AE00939622 /* Swift Colors */ = {
			isa = PBXNativeTarget;
			buildConfigurationList = BB58C1512D2DD8AF00939622 /* Build configuration list for PBXNativeTarget "Swift Colors" */;
			buildPhases = (
				BB58C13F2D2DD8AE00939622 /* Sources */,
				BB58C1402D2DD8AE00939622 /* Frameworks */,
				BB58C1412D2DD8AE00939622 /* Resources */,
			);
			buildRules = (
			);
			dependencies = (
			);
			fileSystemSynchronizedGroups = (
				BB40B4F22D2F25C7007D55B0 /* Extensions */,
				BB40B4F42D2F25DA007D55B0 /* ContainerView */,
			);
			name = "Swift Colors";
			packageProductDependencies = (
			);
			productName = "Swift Colors";
			productReference = BB58C1432D2DD8AE00939622 /* Swift Colors.app */;
			productType = "com.apple.product-type.application";
		};
/* End PBXNativeTarget section */

/* Begin PBXProject section */
		BB58C13B2D2DD8AE00939622 /* Project object */ = {
			isa = PBXProject;
			attributes = {
				BuildIndependentTargetsInParallel = 1;
				LastSwiftUpdateCheck = 1620;
				LastUpgradeCheck = 1620;
				TargetAttributes = {
					BB58C1422D2DD8AE00939622 = {
						CreatedOnToolsVersion = 16.2;
					};
				};
			};
			buildConfigurationList = BB58C13E2D2DD8AE00939622 /* Build configuration list for PBXProject "Swift Colors" */;
			developmentRegion = en;
			hasScannedForEncodings = 0;
			knownRegions = (
				en,
				Base,
			);
			mainGroup = BB58C13A2D2DD8AE00939622;
			minimizedProjectReferenceProxies = 1;
			preferredProjectObjectVersion = 77;
			productRefGroup = BB58C1442D2DD8AE00939622 /* Products */;
			projectDirPath = "";
			projectRoot = "";
			targets = (
				BB58C1422D2DD8AE00939622 /* Swift Colors */,
			);
		};
/* End PBXProject section */

/* Begin PBXResourcesBuildPhase section */
		BB58C1412D2DD8AE00939622 /* Resources */ = {
			isa = PBXResourcesBuildPhase;
			buildActionMask = 2147483647;
			files = (
				BB5B7ABC2D2E409300135B0F /* Preview Assets.xcassets in Resources */,
				BB5B7ABD2D2E409300135B0F /* Assets.xcassets in Resources */,
			);
			runOnlyForDeploymentPostprocessing = 0;
		};
/* End PBXResourcesBuildPhase section */

/* Begin PBXSourcesBuildPhase section */
		BB58C13F2D2DD8AE00939622 /* Sources */ = {
			isa = PBXSourcesBuildPhase;
			buildActionMask = 2147483647;
			files = (
				BB5B7ABE2D2E409300135B0F /* ColorAssets.swift in Sources */,
				BB5B7ABF2D2E409300135B0F /* ColorLiteral.swift in Sources */,
				BB5B7AC02D2E409300135B0F /* ColorModifiers.swift in Sources */,
				BB5B7AC12D2E409300135B0F /* ComponentValues.swift in Sources */,
				BB5B7AC22D2E409300135B0F /* ContentView.swift in Sources */,
				BB5B7AC42D2E409300135B0F /* SwiftUIStandardColors.swift in Sources */,
				BB5B7AC52D2E409300135B0F /* SwiftUSematicColors.swift in Sources */,
				BB5B7AC62D2E409300135B0F /* UIElementColors.swift in Sources */,
				BB5B7AC72D2E409300135B0F /* UIKitStandardColors.swift in Sources */,
				BB5B7ACA2D2E409300135B0F /* Swift_ColorsApp.swift in Sources */,
			);
			runOnlyForDeploymentPostprocessing = 0;
		};
/* End PBXSourcesBuildPhase section */

/* Begin XCBuildConfiguration section */
		BB58C14F2D2DD8AF00939622 /* Debug */ = {
			isa = XCBuildConfiguration;
			buildSettings = {
				ALWAYS_SEARCH_USER_PATHS = NO;
				ASSETCATALOG_COMPILER_GENERATE_SWIFT_ASSET_SYMBOL_EXTENSIONS = YES;
				CLANG_ANALYZER_NONNULL = YES;
				CLANG_ANALYZER_NUMBER_OBJECT_CONVERSION = YES_AGGRESSIVE;
				CLANG_CXX_LANGUAGE_STANDARD = "gnu++20";
				CLANG_ENABLE_MODULES = YES;
				CLANG_ENABLE_OBJC_ARC = YES;
				CLANG_ENABLE_OBJC_WEAK = YES;
				CLANG_WARN_BLOCK_CAPTURE_AUTORELEASING = YES;
				CLANG_WARN_BOOL_CONVERSION = YES;
				CLANG_WARN_COMMA = YES;
				CLANG_WARN_CONSTANT_CONVERSION = YES;
				CLANG_WARN_DEPRECATED_OBJC_IMPLEMENTATIONS = YES;
				CLANG_WARN_DIRECT_OBJC_ISA_USAGE = YES_ERROR;
				CLANG_WARN_DOCUMENTATION_COMMENTS = YES;
				CLANG_WARN_EMPTY_BODY = YES;
				CLANG_WARN_ENUM_CONVERSION = YES;
				CLANG_WARN_INFINITE_RECURSION = YES;
				CLANG_WARN_INT_CONVERSION = YES;
				CLANG_WARN_NON_LITERAL_NULL_CONVERSION = YES;
				CLANG_WARN_OBJC_IMPLICIT_RETAIN_SELF = YES;
				CLANG_WARN_OBJC_LITERAL_CONVERSION = YES;
				CLANG_WARN_OBJC_ROOT_CLASS = YES_ERROR;
				CLANG_WARN_QUOTED_INCLUDE_IN_FRAMEWORK_HEADER = YES;
				CLANG_WARN_RANGE_LOOP_ANALYSIS = YES;
				CLANG_WARN_STRICT_PROTOTYPES = YES;
				CLANG_WARN_SUSPICIOUS_MOVE = YES;
				CLANG_WARN_UNGUARDED_AVAILABILITY = YES_AGGRESSIVE;
				CLANG_WARN_UNREACHABLE_CODE = YES;
				CLANG_WARN__DUPLICATE_METHOD_MATCH = YES;
				COPY_PHASE_STRIP = NO;
				DEBUG_INFORMATION_FORMAT = dwarf;
				ENABLE_STRICT_OBJC_MSGSEND = YES;
				ENABLE_TESTABILITY = YES;
				ENABLE_USER_SCRIPT_SANDBOXING = YES;
				GCC_C_LANGUAGE_STANDARD = gnu17;
				GCC_DYNAMIC_NO_PIC = NO;
				GCC_NO_COMMON_BLOCKS = YES;
				GCC_OPTIMIZATION_LEVEL = 0;
				GCC_PREPROCESSOR_DEFINITIONS = (
					"DEBUG=1",
					"$(inherited)",
				);
				GCC_WARN_64_TO_32_BIT_CONVERSION = YES;
				GCC_WARN_ABOUT_RETURN_TYPE = YES_ERROR;
				GCC_WARN_UNDECLARED_SELECTOR = YES;
				GCC_WARN_UNINITIALIZED_AUTOS = YES_AGGRESSIVE;
				GCC_WARN_UNUSED_FUNCTION = YES;
				GCC_WARN_UNUSED_VARIABLE = YES;
				IPHONEOS_DEPLOYMENT_TARGET = 18.2;
				LOCALIZATION_PREFERS_STRING_CATALOGS = YES;
				MTL_ENABLE_DEBUG_INFO = INCLUDE_SOURCE;
				MTL_FAST_MATH = YES;
				ONLY_ACTIVE_ARCH = YES;
				SDKROOT = iphoneos;
				SWIFT_ACTIVE_COMPILATION_CONDITIONS = "DEBUG $(inherited)";
				SWIFT_OPTIMIZATION_LEVEL = "-Onone";
			};
			name = Debug;
		};
		BB58C1502D2DD8AF00939622 /* Release */ = {
			isa = XCBuildConfiguration;
			buildSettings = {
				ALWAYS_SEARCH_USER_PATHS = NO;
				ASSETCATALOG_COMPILER_GENERATE_SWIFT_ASSET_SYMBOL_EXTENSIONS = YES;
				CLANG_ANALYZER_NONNULL = YES;
				CLANG_ANALYZER_NUMBER_OBJECT_CONVERSION = YES_AGGRESSIVE;
				CLANG_CXX_LANGUAGE_STANDARD = "gnu++20";
				CLANG_ENABLE_MODULES = YES;
				CLANG_ENABLE_OBJC_ARC = YES;
				CLANG_ENABLE_OBJC_WEAK = YES;
				CLANG_WARN_BLOCK_CAPTURE_AUTORELEASING = YES;
				CLANG_WARN_BOOL_CONVERSION = YES;
				CLANG_WARN_COMMA = YES;
				CLANG_WARN_CONSTANT_CONVERSION = YES;
				CLANG_WARN_DEPRECATED_OBJC_IMPLEMENTATIONS = YES;
				CLANG_WARN_DIRECT_OBJC_ISA_USAGE = YES_ERROR;
				CLANG_WARN_DOCUMENTATION_COMMENTS = YES;
				CLANG_WARN_EMPTY_BODY = YES;
				CLANG_WARN_ENUM_CONVERSION = YES;
				CLANG_WARN_INFINITE_RECURSION = YES;
				CLANG_WARN_INT_CONVERSION = YES;
				CLANG_WARN_NON_LITERAL_NULL_CONVERSION = YES;
				CLANG_WARN_OBJC_IMPLICIT_RETAIN_SELF = YES;
				CLANG_WARN_OBJC_LITERAL_CONVERSION = YES;
				CLANG_WARN_OBJC_ROOT_CLASS = YES_ERROR;
				CLANG_WARN_QUOTED_INCLUDE_IN_FRAMEWORK_HEADER = YES;
				CLANG_WARN_RANGE_LOOP_ANALYSIS = YES;
				CLANG_WARN_STRICT_PROTOTYPES = YES;
				CLANG_WARN_SUSPICIOUS_MOVE = YES;
				CLANG_WARN_UNGUARDED_AVAILABILITY = YES_AGGRESSIVE;
				CLANG_WARN_UNREACHABLE_CODE = YES;
				CLANG_WARN__DUPLICATE_METHOD_MATCH = YES;
				COPY_PHASE_STRIP = NO;
				DEBUG_INFORMATION_FORMAT = "dwarf-with-dsym";
				ENABLE_NS_ASSERTIONS = NO;
				ENABLE_STRICT_OBJC_MSGSEND = YES;
				ENABLE_USER_SCRIPT_SANDBOXING = YES;
				GCC_C_LANGUAGE_STANDARD = gnu17;
				GCC_NO_COMMON_BLOCKS = YES;
				GCC_WARN_64_TO_32_BIT_CONVERSION = YES;
				GCC_WARN_ABOUT_RETURN_TYPE = YES_ERROR;
				GCC_WARN_UNDECLARED_SELECTOR = YES;
				GCC_WARN_UNINITIALIZED_AUTOS = YES_AGGRESSIVE;
				GCC_WARN_UNUSED_FUNCTION = YES;
				GCC_WARN_UNUSED_VARIABLE = YES;
				IPHONEOS_DEPLOYMENT_TARGET = 18.2;
				LOCALIZATION_PREFERS_STRING_CATALOGS = YES;
				MTL_ENABLE_DEBUG_INFO = NO;
				MTL_FAST_MATH = YES;
				SDKROOT = iphoneos;
				SWIFT_COMPILATION_MODE = wholemodule;
				VALIDATE_PRODUCT = YES;
			};
			name = Release;
		};
		BB58C1522D2DD8AF00939622 /* Debug */ = {
			isa = XCBuildConfiguration;
			buildSettings = {
				ASSETCATALOG_COMPILER_APPICON_NAME = AppIcon;
				ASSETCATALOG_COMPILER_GLOBAL_ACCENT_COLOR_NAME = AccentColor;
				CODE_SIGN_STYLE = Automatic;
				CURRENT_PROJECT_VERSION = 1;
				DEVELOPMENT_ASSET_PATHS = "\"Swift Colors/Preview Content\"";
				DEVELOPMENT_TEAM = RKV4UP49S6;
				ENABLE_PREVIEWS = YES;
				GENERATE_INFOPLIST_FILE = YES;
				INFOPLIST_KEY_UIApplicationSceneManifest_Generation = YES;
				INFOPLIST_KEY_UIApplicationSupportsIndirectInputEvents = YES;
				INFOPLIST_KEY_UILaunchScreen_Generation = YES;
				INFOPLIST_KEY_UISupportedInterfaceOrientations_iPad = "UIInterfaceOrientationPortrait UIInterfaceOrientationPortraitUpsideDown UIInterfaceOrientationLandscapeLeft UIInterfaceOrientationLandscapeRight";
				INFOPLIST_KEY_UISupportedInterfaceOrientations_iPhone = "UIInterfaceOrientationPortrait UIInterfaceOrientationLandscapeLeft UIInterfaceOrientationLandscapeRight";
				LD_RUNPATH_SEARCH_PATHS = (
					"$(inherited)",
					"@executable_path/Frameworks",
				);
				MARKETING_VERSION = 1.0;
				PRODUCT_BUNDLE_IDENTIFIER = "com.createchsol.Swift-Colors";
				PRODUCT_NAME = "$(TARGET_NAME)";
				SWIFT_EMIT_LOC_STRINGS = YES;
				SWIFT_VERSION = 5.0;
				TARGETED_DEVICE_FAMILY = "1,2";
			};
			name = Debug;
		};
		BB58C1532D2DD8AF00939622 /* Release */ = {
			isa = XCBuildConfiguration;
			buildSettings = {
				ASSETCATALOG_COMPILER_APPICON_NAME = AppIcon;
				ASSETCATALOG_COMPILER_GLOBAL_ACCENT_COLOR_NAME = AccentColor;
				CODE_SIGN_STYLE = Automatic;
				CURRENT_PROJECT_VERSION = 1;
				DEVELOPMENT_ASSET_PATHS = "\"Swift Colors/Preview Content\"";
				DEVELOPMENT_TEAM = RKV4UP49S6;
				ENABLE_PREVIEWS = YES;
				GENERATE_INFOPLIST_FILE = YES;
				INFOPLIST_KEY_UIApplicationSceneManifest_Generation = YES;
				INFOPLIST_KEY_UIApplicationSupportsIndirectInputEvents = YES;
				INFOPLIST_KEY_UILaunchScreen_Generation = YES;
				INFOPLIST_KEY_UISupportedInterfaceOrientations_iPad = "UIInterfaceOrientationPortrait UIInterfaceOrientationPortraitUpsideDown UIInterfaceOrientationLandscapeLeft UIInterfaceOrientationLandscapeRight";
				INFOPLIST_KEY_UISupportedInterfaceOrientations_iPhone = "UIInterfaceOrientationPortrait UIInterfaceOrientationLandscapeLeft UIInterfaceOrientationLandscapeRight";
				LD_RUNPATH_SEARCH_PATHS = (
					"$(inherited)",
					"@executable_path/Frameworks",
				);
				MARKETING_VERSION = 1.0;
				PRODUCT_BUNDLE_IDENTIFIER = "com.createchsol.Swift-Colors";
				PRODUCT_NAME = "$(TARGET_NAME)";
				SWIFT_EMIT_LOC_STRINGS = YES;
				SWIFT_VERSION = 5.0;
				TARGETED_DEVICE_FAMILY = "1,2";
			};
			name = Release;
		};
/* End XCBuildConfiguration section */

/* Begin XCConfigurationList section */
		BB58C13E2D2DD8AE00939622 /* Build configuration list for PBXProject "Swift Colors" */ = {
			isa = XCConfigurationList;
			buildConfigurations = (
				BB58C14F2D2DD8AF00939622 /* Debug */,
				BB58C1502D2DD8AF00939622 /* Release */,
			);
			defaultConfigurationIsVisible = 0;
			defaultConfigurationName = Release;
		};
		BB58C1512D2DD8AF00939622 /* Build configuration list for PBXNativeTarget "Swift Colors" */ = {
			isa = XCConfigurationList;
			buildConfigurations = (
				BB58C1522D2DD8AF00939622 /* Debug */,
				BB58C1532D2DD8AF00939622 /* Release */,
			);
			defaultConfigurationIsVisible = 0;
			defaultConfigurationName = Release;
		};
/* End XCConfigurationList section */
	};
	rootObject = BB58C13B2D2DD8AE00939622 /* Project object */;
}
